// !$*UTF8*$!
{
	archiveVersion = 1;
	classes = {
	};
	objectVersion = 50;
	objects = {

/* Begin PBXBuildFile section */
		7165F755226FEEC80010F164 /* NewBookTableViewCell.m in Sources */ = {isa = PBXBuildFile; fileRef = 7165F754226FEEC80010F164 /* NewBookTableViewCell.m */; };
		7165F756226FEEC80010F164 /* NewBookTableViewCell.m in Sources */ = {isa = PBXBuildFile; fileRef = 7165F754226FEEC80010F164 /* NewBookTableViewCell.m */; };
		7165F757226FEEC80010F164 /* NewBookTableViewCell.m in Sources */ = {isa = PBXBuildFile; fileRef = 7165F754226FEEC80010F164 /* NewBookTableViewCell.m */; };
		7165F7612272F1990010F164 /* BookModel.m in Sources */ = {isa = PBXBuildFile; fileRef = 7165F7602272F1990010F164 /* BookModel.m */; };
		7165F76622731B940010F164 /* BookStoreAPIClient.m in Sources */ = {isa = PBXBuildFile; fileRef = 7165F76522731B940010F164 /* BookStoreAPIClient.m */; };
		7165F76A22731E770010F164 /* BookDetailModel.m in Sources */ = {isa = PBXBuildFile; fileRef = 7165F76922731E770010F164 /* BookDetailModel.m */; };
		7165F76D22732CA60010F164 /* DetailBookViewController.m in Sources */ = {isa = PBXBuildFile; fileRef = 7165F76C22732CA60010F164 /* DetailBookViewController.m */; };
		71851DAD226D452100113A9F /* AppDelegate.m in Sources */ = {isa = PBXBuildFile; fileRef = 71851DAC226D452100113A9F /* AppDelegate.m */; };
		71851DB0226D452100113A9F /* NewViewController.m in Sources */ = {isa = PBXBuildFile; fileRef = 71851DAF226D452100113A9F /* NewViewController.m */; };
		71851DB3226D452100113A9F /* Main.storyboard in Resources */ = {isa = PBXBuildFile; fileRef = 71851DB1226D452100113A9F /* Main.storyboard */; };
		71851DB5226D452300113A9F /* Assets.xcassets in Resources */ = {isa = PBXBuildFile; fileRef = 71851DB4226D452300113A9F /* Assets.xcassets */; };
		71851DB8226D452300113A9F /* LaunchScreen.storyboard in Resources */ = {isa = PBXBuildFile; fileRef = 71851DB6226D452300113A9F /* LaunchScreen.storyboard */; };
		71851DBB226D452300113A9F /* main.m in Sources */ = {isa = PBXBuildFile; fileRef = 71851DBA226D452300113A9F /* main.m */; };
		71851DC5226D452300113A9F /* MyBookshelf_iOSTests.m in Sources */ = {isa = PBXBuildFile; fileRef = 71851DC4226D452300113A9F /* MyBookshelf_iOSTests.m */; };
		71851DD0226D452300113A9F /* MyBookshelf_iOSUITests.m in Sources */ = {isa = PBXBuildFile; fileRef = 71851DCF226D452300113A9F /* MyBookshelf_iOSUITests.m */; };
		71851E18226F338D00113A9F /* SearchViewController.m in Sources */ = {isa = PBXBuildFile; fileRef = 71851E17226F338D00113A9F /* SearchViewController.m */; };
		71851E19226F338D00113A9F /* SearchViewController.m in Sources */ = {isa = PBXBuildFile; fileRef = 71851E17226F338D00113A9F /* SearchViewController.m */; };
		71851E1A226F338D00113A9F /* SearchViewController.m in Sources */ = {isa = PBXBuildFile; fileRef = 71851E17226F338D00113A9F /* SearchViewController.m */; };
		71851E1D226F339600113A9F /* BookmarkViewController.m in Sources */ = {isa = PBXBuildFile; fileRef = 71851E1C226F339600113A9F /* BookmarkViewController.m */; };
		71851E1E226F339600113A9F /* BookmarkViewController.m in Sources */ = {isa = PBXBuildFile; fileRef = 71851E1C226F339600113A9F /* BookmarkViewController.m */; };
		71851E1F226F339600113A9F /* BookmarkViewController.m in Sources */ = {isa = PBXBuildFile; fileRef = 71851E1C226F339600113A9F /* BookmarkViewController.m */; };
		71851E22226F339F00113A9F /* HistoryViewController.m in Sources */ = {isa = PBXBuildFile; fileRef = 71851E21226F339F00113A9F /* HistoryViewController.m */; };
		71851E23226F339F00113A9F /* HistoryViewController.m in Sources */ = {isa = PBXBuildFile; fileRef = 71851E21226F339F00113A9F /* HistoryViewController.m */; };
		71851E24226F339F00113A9F /* HistoryViewController.m in Sources */ = {isa = PBXBuildFile; fileRef = 71851E21226F339F00113A9F /* HistoryViewController.m */; };
/* End PBXBuildFile section */

/* Begin PBXContainerItemProxy section */
		71851DC1226D452300113A9F /* PBXContainerItemProxy */ = {
			isa = PBXContainerItemProxy;
			containerPortal = 71851DA0226D452100113A9F /* Project object */;
			proxyType = 1;
			remoteGlobalIDString = 71851DA7226D452100113A9F;
			remoteInfo = "MyBookshelf-iOS";
		};
		71851DCC226D452300113A9F /* PBXContainerItemProxy */ = {
			isa = PBXContainerItemProxy;
			containerPortal = 71851DA0226D452100113A9F /* Project object */;
			proxyType = 1;
			remoteGlobalIDString = 71851DA7226D452100113A9F;
			remoteInfo = "MyBookshelf-iOS";
		};
/* End PBXContainerItemProxy section */

/* Begin PBXFileReference section */
		7165F753226FEEC80010F164 /* NewBookTableViewCell.h */ = {isa = PBXFileReference; lastKnownFileType = sourcecode.c.h; path = NewBookTableViewCell.h; sourceTree = "<group>"; };
		7165F754226FEEC80010F164 /* NewBookTableViewCell.m */ = {isa = PBXFileReference; lastKnownFileType = sourcecode.c.objc; path = NewBookTableViewCell.m; sourceTree = "<group>"; };
		7165F75F2272F1990010F164 /* BookModel.h */ = {isa = PBXFileReference; lastKnownFileType = sourcecode.c.h; path = BookModel.h; sourceTree = "<group>"; };
		7165F7602272F1990010F164 /* BookModel.m */ = {isa = PBXFileReference; lastKnownFileType = sourcecode.c.objc; path = BookModel.m; sourceTree = "<group>"; };
		7165F76422731B940010F164 /* BookStoreAPIClient.h */ = {isa = PBXFileReference; lastKnownFileType = sourcecode.c.h; path = BookStoreAPIClient.h; sourceTree = "<group>"; };
		7165F76522731B940010F164 /* BookStoreAPIClient.m */ = {isa = PBXFileReference; lastKnownFileType = sourcecode.c.objc; path = BookStoreAPIClient.m; sourceTree = "<group>"; };
		7165F76822731E770010F164 /* BookDetailModel.h */ = {isa = PBXFileReference; lastKnownFileType = sourcecode.c.h; path = BookDetailModel.h; sourceTree = "<group>"; };
		7165F76922731E770010F164 /* BookDetailModel.m */ = {isa = PBXFileReference; lastKnownFileType = sourcecode.c.objc; path = BookDetailModel.m; sourceTree = "<group>"; };
		7165F76B22732CA60010F164 /* DetailBookViewController.h */ = {isa = PBXFileReference; lastKnownFileType = sourcecode.c.h; path = DetailBookViewController.h; sourceTree = "<group>"; };
		7165F76C22732CA60010F164 /* DetailBookViewController.m */ = {isa = PBXFileReference; lastKnownFileType = sourcecode.c.objc; path = DetailBookViewController.m; sourceTree = "<group>"; };
		71851DA8226D452100113A9F /* MyBookshelf-iOS.app */ = {isa = PBXFileReference; explicitFileType = wrapper.application; includeInIndex = 0; path = "MyBookshelf-iOS.app"; sourceTree = BUILT_PRODUCTS_DIR; };
		71851DAB226D452100113A9F /* AppDelegate.h */ = {isa = PBXFileReference; lastKnownFileType = sourcecode.c.h; path = AppDelegate.h; sourceTree = "<group>"; };
		71851DAC226D452100113A9F /* AppDelegate.m */ = {isa = PBXFileReference; lastKnownFileType = sourcecode.c.objc; path = AppDelegate.m; sourceTree = "<group>"; };
		71851DAE226D452100113A9F /* NewViewController.h */ = {isa = PBXFileReference; lastKnownFileType = sourcecode.c.h; path = NewViewController.h; sourceTree = "<group>"; };
		71851DAF226D452100113A9F /* NewViewController.m */ = {isa = PBXFileReference; lastKnownFileType = sourcecode.c.objc; path = NewViewController.m; sourceTree = "<group>"; };
		71851DB2226D452100113A9F /* Base */ = {isa = PBXFileReference; lastKnownFileType = file.storyboard; name = Base; path = Base.lproj/Main.storyboard; sourceTree = "<group>"; };
		71851DB4226D452300113A9F /* Assets.xcassets */ = {isa = PBXFileReference; lastKnownFileType = folder.assetcatalog; path = Assets.xcassets; sourceTree = "<group>"; };
		71851DB7226D452300113A9F /* Base */ = {isa = PBXFileReference; lastKnownFileType = file.storyboard; name = Base; path = Base.lproj/LaunchScreen.storyboard; sourceTree = "<group>"; };
		71851DB9226D452300113A9F /* Info.plist */ = {isa = PBXFileReference; lastKnownFileType = text.plist.xml; path = Info.plist; sourceTree = "<group>"; };
		71851DBA226D452300113A9F /* main.m */ = {isa = PBXFileReference; lastKnownFileType = sourcecode.c.objc; path = main.m; sourceTree = "<group>"; };
		71851DC0226D452300113A9F /* MyBookshelf-iOSTests.xctest */ = {isa = PBXFileReference; explicitFileType = wrapper.cfbundle; includeInIndex = 0; path = "MyBookshelf-iOSTests.xctest"; sourceTree = BUILT_PRODUCTS_DIR; };
		71851DC4226D452300113A9F /* MyBookshelf_iOSTests.m */ = {isa = PBXFileReference; lastKnownFileType = sourcecode.c.objc; path = MyBookshelf_iOSTests.m; sourceTree = "<group>"; };
		71851DC6226D452300113A9F /* Info.plist */ = {isa = PBXFileReference; lastKnownFileType = text.plist.xml; path = Info.plist; sourceTree = "<group>"; };
		71851DCB226D452300113A9F /* MyBookshelf-iOSUITests.xctest */ = {isa = PBXFileReference; explicitFileType = wrapper.cfbundle; includeInIndex = 0; path = "MyBookshelf-iOSUITests.xctest"; sourceTree = BUILT_PRODUCTS_DIR; };
		71851DCF226D452300113A9F /* MyBookshelf_iOSUITests.m */ = {isa = PBXFileReference; lastKnownFileType = sourcecode.c.objc; path = MyBookshelf_iOSUITests.m; sourceTree = "<group>"; };
		71851DD1226D452300113A9F /* Info.plist */ = {isa = PBXFileReference; lastKnownFileType = text.plist.xml; path = Info.plist; sourceTree = "<group>"; };
		71851E16226F338D00113A9F /* SearchViewController.h */ = {isa = PBXFileReference; lastKnownFileType = sourcecode.c.h; path = SearchViewController.h; sourceTree = "<group>"; };
		71851E17226F338D00113A9F /* SearchViewController.m */ = {isa = PBXFileReference; lastKnownFileType = sourcecode.c.objc; path = SearchViewController.m; sourceTree = "<group>"; };
		71851E1B226F339600113A9F /* BookmarkViewController.h */ = {isa = PBXFileReference; lastKnownFileType = sourcecode.c.h; path = BookmarkViewController.h; sourceTree = "<group>"; };
		71851E1C226F339600113A9F /* BookmarkViewController.m */ = {isa = PBXFileReference; lastKnownFileType = sourcecode.c.objc; path = BookmarkViewController.m; sourceTree = "<group>"; };
		71851E20226F339F00113A9F /* HistoryViewController.h */ = {isa = PBXFileReference; lastKnownFileType = sourcecode.c.h; path = HistoryViewController.h; sourceTree = "<group>"; };
		71851E21226F339F00113A9F /* HistoryViewController.m */ = {isa = PBXFileReference; lastKnownFileType = sourcecode.c.objc; path = HistoryViewController.m; sourceTree = "<group>"; };
/* End PBXFileReference section */

/* Begin PBXFrameworksBuildPhase section */
		71851DA5226D452100113A9F /* Frameworks */ = {
			isa = PBXFrameworksBuildPhase;
			buildActionMask = 2147483647;
			files = (
			);
			runOnlyForDeploymentPostprocessing = 0;
		};
		71851DBD226D452300113A9F /* Frameworks */ = {
			isa = PBXFrameworksBuildPhase;
			buildActionMask = 2147483647;
			files = (
			);
			runOnlyForDeploymentPostprocessing = 0;
		};
		71851DC8226D452300113A9F /* Frameworks */ = {
			isa = PBXFrameworksBuildPhase;
			buildActionMask = 2147483647;
			files = (
			);
			runOnlyForDeploymentPostprocessing = 0;
		};
/* End PBXFrameworksBuildPhase section */

/* Begin PBXGroup section */
		7165F762227315EE0010F164 /* Models */ = {
			isa = PBXGroup;
			children = (
				7165F75F2272F1990010F164 /* BookModel.h */,
				7165F7602272F1990010F164 /* BookModel.m */,
				7165F76822731E770010F164 /* BookDetailModel.h */,
				7165F76922731E770010F164 /* BookDetailModel.m */,
			);
			path = Models;
			sourceTree = "<group>";
		};
		7165F76322731ACB0010F164 /* Views */ = {
			isa = PBXGroup;
			children = (
				7165F753226FEEC80010F164 /* NewBookTableViewCell.h */,
				7165F754226FEEC80010F164 /* NewBookTableViewCell.m */,
			);
			path = Views;
			sourceTree = "<group>";
		};
		7165F76722731B980010F164 /* Network */ = {
			isa = PBXGroup;
			children = (
				7165F76422731B940010F164 /* BookStoreAPIClient.h */,
				7165F76522731B940010F164 /* BookStoreAPIClient.m */,
			);
			path = Network;
			sourceTree = "<group>";
		};
		71851D9F226D452000113A9F = {
			isa = PBXGroup;
			children = (
				71851DAA226D452100113A9F /* MyBookshelf-iOS */,
				71851DC3226D452300113A9F /* MyBookshelf-iOSTests */,
				71851DCE226D452300113A9F /* MyBookshelf-iOSUITests */,
				71851DA9226D452100113A9F /* Products */,
			);
			sourceTree = "<group>";
		};
		71851DA9226D452100113A9F /* Products */ = {
			isa = PBXGroup;
			children = (
				71851DA8226D452100113A9F /* MyBookshelf-iOS.app */,
				71851DC0226D452300113A9F /* MyBookshelf-iOSTests.xctest */,
				71851DCB226D452300113A9F /* MyBookshelf-iOSUITests.xctest */,
			);
			name = Products;
			sourceTree = "<group>";
		};
		71851DAA226D452100113A9F /* MyBookshelf-iOS */ = {
			isa = PBXGroup;
			children = (
				71851DAB226D452100113A9F /* AppDelegate.h */,
				71851DAC226D452100113A9F /* AppDelegate.m */,
				7165F76722731B980010F164 /* Network */,
				7165F76322731ACB0010F164 /* Views */,
				7165F762227315EE0010F164 /* Models */,
				71851E25226F340100113A9F /* ViewControllers */,
				71851DB1226D452100113A9F /* Main.storyboard */,
				71851DB4226D452300113A9F /* Assets.xcassets */,
				71851DB6226D452300113A9F /* LaunchScreen.storyboard */,
				71851DB9226D452300113A9F /* Info.plist */,
				71851DBA226D452300113A9F /* main.m */,
			);
			path = "MyBookshelf-iOS";
			sourceTree = "<group>";
		};
		71851DC3226D452300113A9F /* MyBookshelf-iOSTests */ = {
			isa = PBXGroup;
			children = (
				71851DC4226D452300113A9F /* MyBookshelf_iOSTests.m */,
				71851DC6226D452300113A9F /* Info.plist */,
			);
			path = "MyBookshelf-iOSTests";
			sourceTree = "<group>";
		};
		71851DCE226D452300113A9F /* MyBookshelf-iOSUITests */ = {
			isa = PBXGroup;
			children = (
				71851DCF226D452300113A9F /* MyBookshelf_iOSUITests.m */,
				71851DD1226D452300113A9F /* Info.plist */,
			);
			path = "MyBookshelf-iOSUITests";
			sourceTree = "<group>";
		};
		71851E25226F340100113A9F /* ViewControllers */ = {
			isa = PBXGroup;
			children = (
				71851DAE226D452100113A9F /* NewViewController.h */,
				71851DAF226D452100113A9F /* NewViewController.m */,
				7165F76B22732CA60010F164 /* DetailBookViewController.h */,
				7165F76C22732CA60010F164 /* DetailBookViewController.m */,
				71851E16226F338D00113A9F /* SearchViewController.h */,
				71851E17226F338D00113A9F /* SearchViewController.m */,
				71851E1B226F339600113A9F /* BookmarkViewController.h */,
				71851E1C226F339600113A9F /* BookmarkViewController.m */,
				71851E20226F339F00113A9F /* HistoryViewController.h */,
				71851E21226F339F00113A9F /* HistoryViewController.m */,
			);
			path = ViewControllers;
			sourceTree = "<group>";
		};
/* End PBXGroup section */

/* Begin PBXNativeTarget section */
		71851DA7226D452100113A9F /* MyBookshelf-iOS */ = {
			isa = PBXNativeTarget;
			buildConfigurationList = 71851DD4226D452300113A9F /* Build configuration list for PBXNativeTarget "MyBookshelf-iOS" */;
			buildPhases = (
				71851DA4226D452100113A9F /* Sources */,
				71851DA5226D452100113A9F /* Frameworks */,
				71851DA6226D452100113A9F /* Resources */,
			);
			buildRules = (
			);
			dependencies = (
			);
			name = "MyBookshelf-iOS";
			productName = "MyBookshelf-iOS";
			productReference = 71851DA8226D452100113A9F /* MyBookshelf-iOS.app */;
			productType = "com.apple.product-type.application";
		};
		71851DBF226D452300113A9F /* MyBookshelf-iOSTests */ = {
			isa = PBXNativeTarget;
			buildConfigurationList = 71851DD7226D452300113A9F /* Build configuration list for PBXNativeTarget "MyBookshelf-iOSTests" */;
			buildPhases = (
				71851DBC226D452300113A9F /* Sources */,
				71851DBD226D452300113A9F /* Frameworks */,
				71851DBE226D452300113A9F /* Resources */,
			);
			buildRules = (
			);
			dependencies = (
				71851DC2226D452300113A9F /* PBXTargetDependency */,
			);
			name = "MyBookshelf-iOSTests";
			productName = "MyBookshelf-iOSTests";
			productReference = 71851DC0226D452300113A9F /* MyBookshelf-iOSTests.xctest */;
			productType = "com.apple.product-type.bundle.unit-test";
		};
		71851DCA226D452300113A9F /* MyBookshelf-iOSUITests */ = {
			isa = PBXNativeTarget;
			buildConfigurationList = 71851DDA226D452300113A9F /* Build configuration list for PBXNativeTarget "MyBookshelf-iOSUITests" */;
			buildPhases = (
				71851DC7226D452300113A9F /* Sources */,
				71851DC8226D452300113A9F /* Frameworks */,
				71851DC9226D452300113A9F /* Resources */,
			);
			buildRules = (
			);
			dependencies = (
				71851DCD226D452300113A9F /* PBXTargetDependency */,
			);
			name = "MyBookshelf-iOSUITests";
			productName = "MyBookshelf-iOSUITests";
			productReference = 71851DCB226D452300113A9F /* MyBookshelf-iOSUITests.xctest */;
			productType = "com.apple.product-type.bundle.ui-testing";
		};
/* End PBXNativeTarget section */

/* Begin PBXProject section */
		71851DA0226D452100113A9F /* Project object */ = {
			isa = PBXProject;
			attributes = {
				LastUpgradeCheck = 1020;
				ORGANIZATIONNAME = "Doyoung Gwak";
				TargetAttributes = {
					71851DA7226D452100113A9F = {
						CreatedOnToolsVersion = 10.2.1;
					};
					71851DBF226D452300113A9F = {
						CreatedOnToolsVersion = 10.2.1;
						TestTargetID = 71851DA7226D452100113A9F;
					};
					71851DCA226D452300113A9F = {
						CreatedOnToolsVersion = 10.2.1;
						TestTargetID = 71851DA7226D452100113A9F;
					};
				};
			};
			buildConfigurationList = 71851DA3226D452100113A9F /* Build configuration list for PBXProject "MyBookshelf-iOS" */;
			compatibilityVersion = "Xcode 9.3";
			developmentRegion = en;
			hasScannedForEncodings = 0;
			knownRegions = (
				en,
				Base,
			);
			mainGroup = 71851D9F226D452000113A9F;
			productRefGroup = 71851DA9226D452100113A9F /* Products */;
			projectDirPath = "";
			projectRoot = "";
			targets = (
				71851DA7226D452100113A9F /* MyBookshelf-iOS */,
				71851DBF226D452300113A9F /* MyBookshelf-iOSTests */,
				71851DCA226D452300113A9F /* MyBookshelf-iOSUITests */,
			);
		};
/* End PBXProject section */

/* Begin PBXResourcesBuildPhase section */
		71851DA6226D452100113A9F /* Resources */ = {
			isa = PBXResourcesBuildPhase;
			buildActionMask = 2147483647;
			files = (
				71851DB8226D452300113A9F /* LaunchScreen.storyboard in Resources */,
				71851DB5226D452300113A9F /* Assets.xcassets in Resources */,
				71851DB3226D452100113A9F /* Main.storyboard in Resources */,
			);
			runOnlyForDeploymentPostprocessing = 0;
		};
		71851DBE226D452300113A9F /* Resources */ = {
			isa = PBXResourcesBuildPhase;
			buildActionMask = 2147483647;
			files = (
			);
			runOnlyForDeploymentPostprocessing = 0;
		};
		71851DC9226D452300113A9F /* Resources */ = {
			isa = PBXResourcesBuildPhase;
			buildActionMask = 2147483647;
			files = (
			);
			runOnlyForDeploymentPostprocessing = 0;
		};
/* End PBXResourcesBuildPhase section */

/* Begin PBXSourcesBuildPhase section */
		71851DA4226D452100113A9F /* Sources */ = {
			isa = PBXSourcesBuildPhase;
			buildActionMask = 2147483647;
			files = (
				71851DB0226D452100113A9F /* NewViewController.m in Sources */,
				71851E1D226F339600113A9F /* BookmarkViewController.m in Sources */,
				7165F76622731B940010F164 /* BookStoreAPIClient.m in Sources */,
				7165F7612272F1990010F164 /* BookModel.m in Sources */,
				71851DBB226D452300113A9F /* main.m in Sources */,
				71851E18226F338D00113A9F /* SearchViewController.m in Sources */,
				7165F755226FEEC80010F164 /* NewBookTableViewCell.m in Sources */,
				7165F76A22731E770010F164 /* BookDetailModel.m in Sources */,
				71851DAD226D452100113A9F /* AppDelegate.m in Sources */,
				71851E22226F339F00113A9F /* HistoryViewController.m in Sources */,
				7165F76D22732CA60010F164 /* DetailBookViewController.m in Sources */,
			);
			runOnlyForDeploymentPostprocessing = 0;
		};
		71851DBC226D452300113A9F /* Sources */ = {
			isa = PBXSourcesBuildPhase;
			buildActionMask = 2147483647;
			files = (
				71851E19226F338D00113A9F /* SearchViewController.m in Sources */,
				7165F756226FEEC80010F164 /* NewBookTableViewCell.m in Sources */,
				71851DC5226D452300113A9F /* MyBookshelf_iOSTests.m in Sources */,
				71851E1E226F339600113A9F /* BookmarkViewController.m in Sources */,
				71851E23226F339F00113A9F /* HistoryViewController.m in Sources */,
			);
			runOnlyForDeploymentPostprocessing = 0;
		};
		71851DC7226D452300113A9F /* Sources */ = {
			isa = PBXSourcesBuildPhase;
			buildActionMask = 2147483647;
			files = (
				71851E1A226F338D00113A9F /* SearchViewController.m in Sources */,
				7165F757226FEEC80010F164 /* NewBookTableViewCell.m in Sources */,
				71851DD0226D452300113A9F /* MyBookshelf_iOSUITests.m in Sources */,
				71851E1F226F339600113A9F /* BookmarkViewController.m in Sources */,
				71851E24226F339F00113A9F /* HistoryViewController.m in Sources */,
			);
			runOnlyForDeploymentPostprocessing = 0;
		};
/* End PBXSourcesBuildPhase section */

/* Begin PBXTargetDependency section */
		71851DC2226D452300113A9F /* PBXTargetDependency */ = {
			isa = PBXTargetDependency;
			target = 71851DA7226D452100113A9F /* MyBookshelf-iOS */;
			targetProxy = 71851DC1226D452300113A9F /* PBXContainerItemProxy */;
		};
		71851DCD226D452300113A9F /* PBXTargetDependency */ = {
			isa = PBXTargetDependency;
			target = 71851DA7226D452100113A9F /* MyBookshelf-iOS */;
			targetProxy = 71851DCC226D452300113A9F /* PBXContainerItemProxy */;
		};
/* End PBXTargetDependency section */

/* Begin PBXVariantGroup section */
		71851DB1226D452100113A9F /* Main.storyboard */ = {
			isa = PBXVariantGroup;
			children = (
				71851DB2226D452100113A9F /* Base */,
			);
			name = Main.storyboard;
			sourceTree = "<group>";
		};
		71851DB6226D452300113A9F /* LaunchScreen.storyboard */ = {
			isa = PBXVariantGroup;
			children = (
				71851DB7226D452300113A9F /* Base */,
			);
			name = LaunchScreen.storyboard;
			sourceTree = "<group>";
		};
/* End PBXVariantGroup section */

/* Begin XCBuildConfiguration section */
		71851DD2226D452300113A9F /* Debug */ = {
			isa = XCBuildConfiguration;
			buildSettings = {
				ALWAYS_SEARCH_USER_PATHS = NO;
				CLANG_ANALYZER_NONNULL = YES;
				CLANG_ANALYZER_NUMBER_OBJECT_CONVERSION = YES_AGGRESSIVE;
				CLANG_CXX_LANGUAGE_STANDARD = "gnu++14";
				CLANG_CXX_LIBRARY = "libc++";
				CLANG_ENABLE_MODULES = YES;
				CLANG_ENABLE_OBJC_ARC = YES;
				CLANG_ENABLE_OBJC_WEAK = YES;
				CLANG_WARN_BLOCK_CAPTURE_AUTORELEASING = YES;
				CLANG_WARN_BOOL_CONVERSION = YES;
				CLANG_WARN_COMMA = YES;
				CLANG_WARN_CONSTANT_CONVERSION = YES;
				CLANG_WARN_DEPRECATED_OBJC_IMPLEMENTATIONS = YES;
				CLANG_WARN_DIRECT_OBJC_ISA_USAGE = YES_ERROR;
				CLANG_WARN_DOCUMENTATION_COMMENTS = YES;
				CLANG_WARN_EMPTY_BODY = YES;
				CLANG_WARN_ENUM_CONVERSION = YES;
				CLANG_WARN_INFINITE_RECURSION = YES;
				CLANG_WARN_INT_CONVERSION = YES;
				CLANG_WARN_NON_LITERAL_NULL_CONVERSION = YES;
				CLANG_WARN_OBJC_IMPLICIT_RETAIN_SELF = YES;
				CLANG_WARN_OBJC_LITERAL_CONVERSION = YES;
				CLANG_WARN_OBJC_ROOT_CLASS = YES_ERROR;
				CLANG_WARN_RANGE_LOOP_ANALYSIS = YES;
				CLANG_WARN_STRICT_PROTOTYPES = YES;
				CLANG_WARN_SUSPICIOUS_MOVE = YES;
				CLANG_WARN_UNGUARDED_AVAILABILITY = YES_AGGRESSIVE;
				CLANG_WARN_UNREACHABLE_CODE = YES;
				CLANG_WARN__DUPLICATE_METHOD_MATCH = YES;
				CODE_SIGN_IDENTITY = "iPhone Developer";
				COPY_PHASE_STRIP = NO;
				DEBUG_INFORMATION_FORMAT = dwarf;
				ENABLE_STRICT_OBJC_MSGSEND = YES;
				ENABLE_TESTABILITY = YES;
				GCC_C_LANGUAGE_STANDARD = gnu11;
				GCC_DYNAMIC_NO_PIC = NO;
				GCC_NO_COMMON_BLOCKS = YES;
				GCC_OPTIMIZATION_LEVEL = 0;
				GCC_PREPROCESSOR_DEFINITIONS = (
					"DEBUG=1",
					"$(inherited)",
				);
				GCC_WARN_64_TO_32_BIT_CONVERSION = YES;
				GCC_WARN_ABOUT_RETURN_TYPE = YES_ERROR;
				GCC_WARN_UNDECLARED_SELECTOR = YES;
				GCC_WARN_UNINITIALIZED_AUTOS = YES_AGGRESSIVE;
				GCC_WARN_UNUSED_FUNCTION = YES;
				GCC_WARN_UNUSED_VARIABLE = YES;
				IPHONEOS_DEPLOYMENT_TARGET = 12.2;
				MTL_ENABLE_DEBUG_INFO = INCLUDE_SOURCE;
				MTL_FAST_MATH = YES;
				ONLY_ACTIVE_ARCH = YES;
				SDKROOT = iphoneos;
			};
			name = Debug;
		};
		71851DD3226D452300113A9F /* Release */ = {
			isa = XCBuildConfiguration;
			buildSettings = {
				ALWAYS_SEARCH_USER_PATHS = NO;
				CLANG_ANALYZER_NONNULL = YES;
				CLANG_ANALYZER_NUMBER_OBJECT_CONVERSION = YES_AGGRESSIVE;
				CLANG_CXX_LANGUAGE_STANDARD = "gnu++14";
				CLANG_CXX_LIBRARY = "libc++";
				CLANG_ENABLE_MODULES = YES;
				CLANG_ENABLE_OBJC_ARC = YES;
				CLANG_ENABLE_OBJC_WEAK = YES;
				CLANG_WARN_BLOCK_CAPTURE_AUTORELEASING = YES;
				CLANG_WARN_BOOL_CONVERSION = YES;
				CLANG_WARN_COMMA = YES;
				CLANG_WARN_CONSTANT_CONVERSION = YES;
				CLANG_WARN_DEPRECATED_OBJC_IMPLEMENTATIONS = YES;
				CLANG_WARN_DIRECT_OBJC_ISA_USAGE = YES_ERROR;
				CLANG_WARN_DOCUMENTATION_COMMENTS = YES;
				CLANG_WARN_EMPTY_BODY = YES;
				CLANG_WARN_ENUM_CONVERSION = YES;
				CLANG_WARN_INFINITE_RECURSION = YES;
				CLANG_WARN_INT_CONVERSION = YES;
				CLANG_WARN_NON_LITERAL_NULL_CONVERSION = YES;
				CLANG_WARN_OBJC_IMPLICIT_RETAIN_SELF = YES;
				CLANG_WARN_OBJC_LITERAL_CONVERSION = YES;
				CLANG_WARN_OBJC_ROOT_CLASS = YES_ERROR;
				CLANG_WARN_RANGE_LOOP_ANALYSIS = YES;
				CLANG_WARN_STRICT_PROTOTYPES = YES;
				CLANG_WARN_SUSPICIOUS_MOVE = YES;
				CLANG_WARN_UNGUARDED_AVAILABILITY = YES_AGGRESSIVE;
				CLANG_WARN_UNREACHABLE_CODE = YES;
				CLANG_WARN__DUPLICATE_METHOD_MATCH = YES;
				CODE_SIGN_IDENTITY = "iPhone Developer";
				COPY_PHASE_STRIP = NO;
				DEBUG_INFORMATION_FORMAT = "dwarf-with-dsym";
				ENABLE_NS_ASSERTIONS = NO;
				ENABLE_STRICT_OBJC_MSGSEND = YES;
				GCC_C_LANGUAGE_STANDARD = gnu11;
				GCC_NO_COMMON_BLOCKS = YES;
				GCC_WARN_64_TO_32_BIT_CONVERSION = YES;
				GCC_WARN_ABOUT_RETURN_TYPE = YES_ERROR;
				GCC_WARN_UNDECLARED_SELECTOR = YES;
				GCC_WARN_UNINITIALIZED_AUTOS = YES_AGGRESSIVE;
				GCC_WARN_UNUSED_FUNCTION = YES;
				GCC_WARN_UNUSED_VARIABLE = YES;
				IPHONEOS_DEPLOYMENT_TARGET = 12.2;
				MTL_ENABLE_DEBUG_INFO = NO;
				MTL_FAST_MATH = YES;
				SDKROOT = iphoneos;
				VALIDATE_PRODUCT = YES;
			};
			name = Release;
		};
		71851DD5226D452300113A9F /* Debug */ = {
			isa = XCBuildConfiguration;
			buildSettings = {
				ASSETCATALOG_COMPILER_APPICON_NAME = AppIcon;
				CODE_SIGN_STYLE = Automatic;
				DEVELOPMENT_TEAM = 5WXJ4Z4H69;
				INFOPLIST_FILE = "MyBookshelf-iOS/Info.plist";
				LD_RUNPATH_SEARCH_PATHS = (
					"$(inherited)",
					"@executable_path/Frameworks",
				);
				PRODUCT_BUNDLE_IDENTIFIER = "com.tucan9389.MyBookshelf-iOS";
				PRODUCT_NAME = "$(TARGET_NAME)";
				TARGETED_DEVICE_FAMILY = "1,2";
			};
			name = Debug;
		};
		71851DD6226D452300113A9F /* Release */ = {
			isa = XCBuildConfiguration;
			buildSettings = {
				ASSETCATALOG_COMPILER_APPICON_NAME = AppIcon;
				CODE_SIGN_STYLE = Automatic;
				DEVELOPMENT_TEAM = 5WXJ4Z4H69;
				INFOPLIST_FILE = "MyBookshelf-iOS/Info.plist";
				LD_RUNPATH_SEARCH_PATHS = (
					"$(inherited)",
					"@executable_path/Frameworks",
				);
				PRODUCT_BUNDLE_IDENTIFIER = "com.tucan9389.MyBookshelf-iOS";
				PRODUCT_NAME = "$(TARGET_NAME)";
				TARGETED_DEVICE_FAMILY = "1,2";
			};
			name = Release;
		};
		71851DD8226D452300113A9F /* Debug */ = {
			isa = XCBuildConfiguration;
			buildSettings = {
				BUNDLE_LOADER = "$(TEST_HOST)";
				CODE_SIGN_STYLE = Automatic;
				DEVELOPMENT_TEAM = 5WXJ4Z4H69;
				INFOPLIST_FILE = "MyBookshelf-iOSTests/Info.plist";
				LD_RUNPATH_SEARCH_PATHS = (
					"$(inherited)",
					"@executable_path/Frameworks",
					"@loader_path/Frameworks",
				);
				PRODUCT_BUNDLE_IDENTIFIER = "com.tucan9389.MyBookshelf-iOSTests";
				PRODUCT_NAME = "$(TARGET_NAME)";
				TARGETED_DEVICE_FAMILY = "1,2";
				TEST_HOST = "$(BUILT_PRODUCTS_DIR)/MyBookshelf-iOS.app/MyBookshelf-iOS";
			};
			name = Debug;
		};
		71851DD9226D452300113A9F /* Release */ = {
			isa = XCBuildConfiguration;
			buildSettings = {
				BUNDLE_LOADER = "$(TEST_HOST)";
				CODE_SIGN_STYLE = Automatic;
				DEVELOPMENT_TEAM = 5WXJ4Z4H69;
				INFOPLIST_FILE = "MyBookshelf-iOSTests/Info.plist";
				LD_RUNPATH_SEARCH_PATHS = (
					"$(inherited)",
					"@executable_path/Frameworks",
					"@loader_path/Frameworks",
				);
				PRODUCT_BUNDLE_IDENTIFIER = "com.tucan9389.MyBookshelf-iOSTests";
				PRODUCT_NAME = "$(TARGET_NAME)";
				TARGETED_DEVICE_FAMILY = "1,2";
				TEST_HOST = "$(BUILT_PRODUCTS_DIR)/MyBookshelf-iOS.app/MyBookshelf-iOS";
			};
			name = Release;
		};
		71851DDB226D452300113A9F /* Debug */ = {
			isa = XCBuildConfiguration;
			buildSettings = {
				CODE_SIGN_STYLE = Automatic;
				DEVELOPMENT_TEAM = 5WXJ4Z4H69;
				INFOPLIST_FILE = "MyBookshelf-iOSUITests/Info.plist";
				LD_RUNPATH_SEARCH_PATHS = (
					"$(inherited)",
					"@executable_path/Frameworks",
					"@loader_path/Frameworks",
				);
				PRODUCT_BUNDLE_IDENTIFIER = "com.tucan9389.MyBookshelf-iOSUITests";
				PRODUCT_NAME = "$(TARGET_NAME)";
				TARGETED_DEVICE_FAMILY = "1,2";
				TEST_TARGET_NAME = "MyBookshelf-iOS";
			};
			name = Debug;
		};
		71851DDC226D452300113A9F /* Release */ = {
			isa = XCBuildConfiguration;
			buildSettings = {
				CODE_SIGN_STYLE = Automatic;
				DEVELOPMENT_TEAM = 5WXJ4Z4H69;
				INFOPLIST_FILE = "MyBookshelf-iOSUITests/Info.plist";
				LD_RUNPATH_SEARCH_PATHS = (
					"$(inherited)",
					"@executable_path/Frameworks",
					"@loader_path/Frameworks",
				);
				PRODUCT_BUNDLE_IDENTIFIER = "com.tucan9389.MyBookshelf-iOSUITests";
				PRODUCT_NAME = "$(TARGET_NAME)";
				TARGETED_DEVICE_FAMILY = "1,2";
				TEST_TARGET_NAME = "MyBookshelf-iOS";
			};
			name = Release;
		};
/* End XCBuildConfiguration section */

/* Begin XCConfigurationList section */
		71851DA3226D452100113A9F /* Build configuration list for PBXProject "MyBookshelf-iOS" */ = {
			isa = XCConfigurationList;
			buildConfigurations = (
				71851DD2226D452300113A9F /* Debug */,
				71851DD3226D452300113A9F /* Release */,
			);
			defaultConfigurationIsVisible = 0;
			defaultConfigurationName = Release;
		};
		71851DD4226D452300113A9F /* Build configuration list for PBXNativeTarget "MyBookshelf-iOS" */ = {
			isa = XCConfigurationList;
			buildConfigurations = (
				71851DD5226D452300113A9F /* Debug */,
				71851DD6226D452300113A9F /* Release */,
			);
			defaultConfigurationIsVisible = 0;
			defaultConfigurationName = Release;
		};
		71851DD7226D452300113A9F /* Build configuration list for PBXNativeTarget "MyBookshelf-iOSTests" */ = {
			isa = XCConfigurationList;
			buildConfigurations = (
				71851DD8226D452300113A9F /* Debug */,
				71851DD9226D452300113A9F /* Release */,
			);
			defaultConfigurationIsVisible = 0;
			defaultConfigurationName = Release;
		};
		71851DDA226D452300113A9F /* Build configuration list for PBXNativeTarget "MyBookshelf-iOSUITests" */ = {
			isa = XCConfigurationList;
			buildConfigurations = (
				71851DDB226D452300113A9F /* Debug */,
				71851DDC226D452300113A9F /* Release */,
			);
			defaultConfigurationIsVisible = 0;
			defaultConfigurationName = Release;
		};
/* End XCConfigurationList section */
	};
	rootObject = 71851DA0226D452100113A9F /* Project object */;
}
